// !$*UTF8*$!
{
	archiveVersion = 1;
	classes = {
	};
	objectVersion = 50;
	objects = {

/* Begin PBXBuildFile section */
		01E0BD1195891AC5B543D761 /* libPods-MessageManager.a in Frameworks */ = {isa = PBXBuildFile; fileRef = 183CC3D396B99DEDC7369B75 /* libPods-MessageManager.a */; };
		896D317D2300523600634093 /* AppDelegate.m in Sources */ = {isa = PBXBuildFile; fileRef = 896D317C2300523600634093 /* AppDelegate.m */; };
		896D31802300523600634093 /* ViewController.m in Sources */ = {isa = PBXBuildFile; fileRef = 896D317F2300523600634093 /* ViewController.m */; };
		896D31822300523700634093 /* Assets.xcassets in Resources */ = {isa = PBXBuildFile; fileRef = 896D31812300523700634093 /* Assets.xcassets */; };
		896D31852300523700634093 /* Main.storyboard in Resources */ = {isa = PBXBuildFile; fileRef = 896D31832300523700634093 /* Main.storyboard */; };
		896D31882300523700634093 /* main.m in Sources */ = {isa = PBXBuildFile; fileRef = 896D31872300523700634093 /* main.m */; };
/* End PBXBuildFile section */

/* Begin PBXFileReference section */
		183CC3D396B99DEDC7369B75 /* libPods-MessageManager.a */ = {isa = PBXFileReference; explicitFileType = archive.ar; includeInIndex = 0; path = "libPods-MessageManager.a"; sourceTree = BUILT_PRODUCTS_DIR; };
		896D31782300523600634093 /* MessageManager.app */ = {isa = PBXFileReference; explicitFileType = wrapper.application; includeInIndex = 0; path = MessageManager.app; sourceTree = BUILT_PRODUCTS_DIR; };
		896D317B2300523600634093 /* AppDelegate.h */ = {isa = PBXFileReference; lastKnownFileType = sourcecode.c.h; path = AppDelegate.h; sourceTree = "<group>"; };
		896D317C2300523600634093 /* AppDelegate.m */ = {isa = PBXFileReference; lastKnownFileType = sourcecode.c.objc; path = AppDelegate.m; sourceTree = "<group>"; };
		896D317E2300523600634093 /* ViewController.h */ = {isa = PBXFileReference; lastKnownFileType = sourcecode.c.h; path = ViewController.h; sourceTree = "<group>"; };
		896D317F2300523600634093 /* ViewController.m */ = {isa = PBXFileReference; lastKnownFileType = sourcecode.c.objc; path = ViewController.m; sourceTree = "<group>"; };
		896D31812300523700634093 /* Assets.xcassets */ = {isa = PBXFileReference; lastKnownFileType = folder.assetcatalog; path = Assets.xcassets; sourceTree = "<group>"; };
		896D31842300523700634093 /* Base */ = {isa = PBXFileReference; lastKnownFileType = file.storyboard; name = Base; path = Base.lproj/Main.storyboard; sourceTree = "<group>"; };
		896D31862300523700634093 /* Info.plist */ = {isa = PBXFileReference; lastKnownFileType = text.plist.xml; path = Info.plist; sourceTree = "<group>"; };
		896D31872300523700634093 /* main.m */ = {isa = PBXFileReference; lastKnownFileType = sourcecode.c.objc; path = main.m; sourceTree = "<group>"; };
		896D31892300523700634093 /* MessageManager.entitlements */ = {isa = PBXFileReference; lastKnownFileType = text.plist.entitlements; path = MessageManager.entitlements; sourceTree = "<group>"; };
		BE1F0BE1C56CF0826C3736D5 /* Pods-MessageManager.release.xcconfig */ = {isa = PBXFileReference; includeInIndex = 1; lastKnownFileType = text.xcconfig; name = "Pods-MessageManager.release.xcconfig"; path = "Target Support Files/Pods-MessageManager/Pods-MessageManager.release.xcconfig"; sourceTree = "<group>"; };
		CF49967C4A19DB9A2CCEBBD6 /* Pods-MessageManager.debug.xcconfig */ = {isa = PBXFileReference; includeInIndex = 1; lastKnownFileType = text.xcconfig; name = "Pods-MessageManager.debug.xcconfig"; path = "Target Support Files/Pods-MessageManager/Pods-MessageManager.debug.xcconfig"; sourceTree = "<group>"; };
/* End PBXFileReference section */

/* Begin PBXFrameworksBuildPhase section */
		896D31752300523600634093 /* Frameworks */ = {
			isa = PBXFrameworksBuildPhase;
			buildActionMask = 2147483647;
			files = (
				01E0BD1195891AC5B543D761 /* libPods-MessageManager.a in Frameworks */,
			);
			runOnlyForDeploymentPostprocessing = 0;
		};
/* End PBXFrameworksBuildPhase section */

/* Begin PBXGroup section */
		6EF507994C69EF6CAF7F1672 /* Frameworks */ = {
			isa = PBXGroup;
			children = (
				183CC3D396B99DEDC7369B75 /* libPods-MessageManager.a */,
			);
			name = Frameworks;
			sourceTree = "<group>";
		};
		896D316F2300523600634093 = {
			isa = PBXGroup;
			children = (
				896D317A2300523600634093 /* MessageManager */,
				896D31792300523600634093 /* Products */,
				99E3CFC065DFEF88B923946B /* Pods */,
				6EF507994C69EF6CAF7F1672 /* Frameworks */,
			);
			sourceTree = "<group>";
		};
		896D31792300523600634093 /* Products */ = {
			isa = PBXGroup;
			children = (
				896D31782300523600634093 /* MessageManager.app */,
			);
			name = Products;
			sourceTree = "<group>";
		};
		896D317A2300523600634093 /* MessageManager */ = {
			isa = PBXGroup;
			children = (
				896D317B2300523600634093 /* AppDelegate.h */,
				896D317C2300523600634093 /* AppDelegate.m */,
				896D317E2300523600634093 /* ViewController.h */,
				896D317F2300523600634093 /* ViewController.m */,
				896D31812300523700634093 /* Assets.xcassets */,
				896D31832300523700634093 /* Main.storyboard */,
				896D31862300523700634093 /* Info.plist */,
				896D31872300523700634093 /* main.m */,
				896D31892300523700634093 /* MessageManager.entitlements */,
			);
			path = MessageManager;
			sourceTree = "<group>";
		};
		99E3CFC065DFEF88B923946B /* Pods */ = {
			isa = PBXGroup;
			children = (
				CF49967C4A19DB9A2CCEBBD6 /* Pods-MessageManager.debug.xcconfig */,
				BE1F0BE1C56CF0826C3736D5 /* Pods-MessageManager.release.xcconfig */,
			);
			name = Pods;
			path = Pods;
			sourceTree = "<group>";
		};
/* End PBXGroup section */

/* Begin PBXNativeTarget section */
		896D31772300523600634093 /* MessageManager */ = {
			isa = PBXNativeTarget;
			buildConfigurationList = 896D318C2300523700634093 /* Build configuration list for PBXNativeTarget "MessageManager" */;
			buildPhases = (
				0A2FBB98A9985F04AD2E658B /* [CP] Check Pods Manifest.lock */,
				896D31742300523600634093 /* Sources */,
				896D31752300523600634093 /* Frameworks */,
				896D31762300523600634093 /* Resources */,
			);
			buildRules = (
			);
			dependencies = (
			);
			name = MessageManager;
			productName = MessageManager;
			productReference = 896D31782300523600634093 /* MessageManager.app */;
			productType = "com.apple.product-type.application";
		};
/* End PBXNativeTarget section */

/* Begin PBXProject section */
		896D31702300523600634093 /* Project object */ = {
			isa = PBXProject;
			attributes = {
				LastUpgradeCheck = 1100;
				ORGANIZATIONNAME = JimHuang;
				TargetAttributes = {
					896D31772300523600634093 = {
						CreatedOnToolsVersion = 11.0;
					};
				};
			};
			buildConfigurationList = 896D31732300523600634093 /* Build configuration list for PBXProject "MessageManager" */;
			compatibilityVersion = "Xcode 9.3";
			developmentRegion = en;
			hasScannedForEncodings = 0;
			knownRegions = (
				en,
				Base,
			);
			mainGroup = 896D316F2300523600634093;
			productRefGroup = 896D31792300523600634093 /* Products */;
			projectDirPath = "";
			projectRoot = "";
			targets = (
				896D31772300523600634093 /* MessageManager */,
			);
		};
/* End PBXProject section */

/* Begin PBXResourcesBuildPhase section */
		896D31762300523600634093 /* Resources */ = {
			isa = PBXResourcesBuildPhase;
			buildActionMask = 2147483647;
			files = (
				896D31822300523700634093 /* Assets.xcassets in Resources */,
				896D31852300523700634093 /* Main.storyboard in Resources */,
			);
			runOnlyForDeploymentPostprocessing = 0;
		};
/* End PBXResourcesBuildPhase section */

/* Begin PBXShellScriptBuildPhase section */
		0A2FBB98A9985F04AD2E658B /* [CP] Check Pods Manifest.lock */ = {
			isa = PBXShellScriptBuildPhase;
			buildActionMask = 2147483647;
			files = (
			);
			inputFileListPaths = (
			);
			inputPaths = (
				"${PODS_PODFILE_DIR_PATH}/Podfile.lock",
				"${PODS_ROOT}/Manifest.lock",
			);
			name = "[CP] Check Pods Manifest.lock";
			outputFileListPaths = (
			);
			outputPaths = (
				"$(DERIVED_FILE_DIR)/Pods-MessageManager-checkManifestLockResult.txt",
			);
			runOnlyForDeploymentPostprocessing = 0;
			shellPath = /bin/sh;
			shellScript = "diff \"${PODS_PODFILE_DIR_PATH}/Podfile.lock\" \"${PODS_ROOT}/Manifest.lock\" > /dev/null\nif [ $? != 0 ] ; then\n    # print error to STDERR\n    echo \"error: The sandbox is not in sync with the Podfile.lock. Run 'pod install' or update your CocoaPods installation.\" >&2\n    exit 1\nfi\n# This output is used by Xcode 'outputs' to avoid re-running this script phase.\necho \"SUCCESS\" > \"${SCRIPT_OUTPUT_FILE_0}\"\n";
			showEnvVarsInLog = 0;
		};
/* End PBXShellScriptBuildPhase section */

/* Begin PBXSourcesBuildPhase section */
		896D31742300523600634093 /* Sources */ = {
			isa = PBXSourcesBuildPhase;
			buildActionMask = 2147483647;
			files = (
				896D31802300523600634093 /* ViewController.m in Sources */,
				896D31882300523700634093 /* main.m in Sources */,
				896D317D2300523600634093 /* AppDelegate.m in Sources */,
			);
			runOnlyForDeploymentPostprocessing = 0;
		};
/* End PBXSourcesBuildPhase section */

/* Begin PBXVariantGroup section */
		896D31832300523700634093 /* Main.storyboard */ = {
			isa = PBXVariantGroup;
			children = (
				896D31842300523700634093 /* Base */,
			);
			name = Main.storyboard;
			sourceTree = "<group>";
		};
/* End PBXVariantGroup section */

/* Begin XCBuildConfiguration section */
		896D318A2300523700634093 /* Debug */ = {
			isa = XCBuildConfiguration;
			buildSettings = {
				ALWAYS_SEARCH_USER_PATHS = NO;
				CLANG_ANALYZER_NONNULL = YES;
				CLANG_ANALYZER_NUMBER_OBJECT_CONVERSION = YES_AGGRESSIVE;
				CLANG_CXX_LANGUAGE_STANDARD = "gnu++14";
				CLANG_CXX_LIBRARY = "libc++";
				CLANG_ENABLE_MODULES = YES;
				CLANG_ENABLE_OBJC_ARC = YES;
				CLANG_ENABLE_OBJC_WEAK = YES;
				CLANG_WARN_BLOCK_CAPTURE_AUTORELEASING = YES;
				CLANG_WARN_BOOL_CONVERSION = YES;
				CLANG_WARN_COMMA = YES;
				CLANG_WARN_CONSTANT_CONVERSION = YES;
				CLANG_WARN_DEPRECATED_OBJC_IMPLEMENTATIONS = YES;
				CLANG_WARN_DIRECT_OBJC_ISA_USAGE = YES_ERROR;
				CLANG_WARN_DOCUMENTATION_COMMENTS = YES;
				CLANG_WARN_EMPTY_BODY = YES;
				CLANG_WARN_ENUM_CONVERSION = YES;
				CLANG_WARN_INFINITE_RECURSION = YES;
				CLANG_WARN_INT_CONVERSION = YES;
				CLANG_WARN_NON_LITERAL_NULL_CONVERSION = YES;
				CLANG_WARN_OBJC_IMPLICIT_RETAIN_SELF = YES;
				CLANG_WARN_OBJC_LITERAL_CONVERSION = YES;
				CLANG_WARN_OBJC_ROOT_CLASS = YES_ERROR;
				CLANG_WARN_RANGE_LOOP_ANALYSIS = YES;
				CLANG_WARN_STRICT_PROTOTYPES = YES;
				CLANG_WARN_SUSPICIOUS_MOVE = YES;
				CLANG_WARN_UNGUARDED_AVAILABILITY = YES_AGGRESSIVE;
				CLANG_WARN_UNREACHABLE_CODE = YES;
				CLANG_WARN__DUPLICATE_METHOD_MATCH = YES;
				COPY_PHASE_STRIP = NO;
				DEBUG_INFORMATION_FORMAT = dwarf;
				ENABLE_STRICT_OBJC_MSGSEND = YES;
				ENABLE_TESTABILITY = YES;
				GCC_C_LANGUAGE_STANDARD = gnu11;
				GCC_DYNAMIC_NO_PIC = NO;
				GCC_NO_COMMON_BLOCKS = YES;
				GCC_OPTIMIZATION_LEVEL = 0;
				GCC_PREPROCESSOR_DEFINITIONS = (
					"DEBUG=1",
					"$(inherited)",
				);
				GCC_WARN_64_TO_32_BIT_CONVERSION = YES;
				GCC_WARN_ABOUT_RETURN_TYPE = YES_ERROR;
				GCC_WARN_UNDECLARED_SELECTOR = YES;
				GCC_WARN_UNINITIALIZED_AUTOS = YES_AGGRESSIVE;
				GCC_WARN_UNUSED_FUNCTION = YES;
				GCC_WARN_UNUSED_VARIABLE = YES;
				MACOSX_DEPLOYMENT_TARGET = 10.15;
				MTL_ENABLE_DEBUG_INFO = INCLUDE_SOURCE;
				MTL_FAST_MATH = YES;
				ONLY_ACTIVE_ARCH = YES;
				SDKROOT = macosx;
			};
			name = Debug;
		};
		896D318B2300523700634093 /* Release */ = {
			isa = XCBuildConfiguration;
			buildSettings = {
				ALWAYS_SEARCH_USER_PATHS = NO;
				CLANG_ANALYZER_NONNULL = YES;
				CLANG_ANALYZER_NUMBER_OBJECT_CONVERSION = YES_AGGRESSIVE;
				CLANG_CXX_LANGUAGE_STANDARD = "gnu++14";
				CLANG_CXX_LIBRARY = "libc++";
				CLANG_ENABLE_MODULES = YES;
				CLANG_ENABLE_OBJC_ARC = YES;
				CLANG_ENABLE_OBJC_WEAK = YES;
				CLANG_WARN_BLOCK_CAPTURE_AUTORELEASING = YES;
				CLANG_WARN_BOOL_CONVERSION = YES;
				CLANG_WARN_COMMA = YES;
				CLANG_WARN_CONSTANT_CONVERSION = YES;
				CLANG_WARN_DEPRECATED_OBJC_IMPLEMENTATIONS = YES;
				CLANG_WARN_DIRECT_OBJC_ISA_USAGE = YES_ERROR;
				CLANG_WARN_DOCUMENTATION_COMMENTS = YES;
				CLANG_WARN_EMPTY_BODY = YES;
				CLANG_WARN_ENUM_CONVERSION = YES;
				CLANG_WARN_INFINITE_RECURSION = YES;
				CLANG_WARN_INT_CONVERSION = YES;
				CLANG_WARN_NON_LITERAL_NULL_CONVERSION = YES;
				CLANG_WARN_OBJC_IMPLICIT_RETAIN_SELF = YES;
				CLANG_WARN_OBJC_LITERAL_CONVERSION = YES;
				CLANG_WARN_OBJC_ROOT_CLASS = YES_ERROR;
				CLANG_WARN_RANGE_LOOP_ANALYSIS = YES;
				CLANG_WARN_STRICT_PROTOTYPES = YES;
				CLANG_WARN_SUSPICIOUS_MOVE = YES;
				CLANG_WARN_UNGUARDED_AVAILABILITY = YES_AGGRESSIVE;
				CLANG_WARN_UNREACHABLE_CODE = YES;
				CLANG_WARN__DUPLICATE_METHOD_MATCH = YES;
				COPY_PHASE_STRIP = NO;
				DEBUG_INFORMATION_FORMAT = "dwarf-with-dsym";
				ENABLE_NS_ASSERTIONS = NO;
				ENABLE_STRICT_OBJC_MSGSEND = YES;
				GCC_C_LANGUAGE_STANDARD = gnu11;
				GCC_NO_COMMON_BLOCKS = YES;
				GCC_WARN_64_TO_32_BIT_CONVERSION = YES;
				GCC_WARN_ABOUT_RETURN_TYPE = YES_ERROR;
				GCC_WARN_UNDECLARED_SELECTOR = YES;
				GCC_WARN_UNINITIALIZED_AUTOS = YES_AGGRESSIVE;
				GCC_WARN_UNUSED_FUNCTION = YES;
				GCC_WARN_UNUSED_VARIABLE = YES;
				MACOSX_DEPLOYMENT_TARGET = 10.15;
				MTL_ENABLE_DEBUG_INFO = NO;
				MTL_FAST_MATH = YES;
				SDKROOT = macosx;
			};
			name = Release;
		};
		896D318D2300523700634093 /* Debug */ = {
			isa = XCBuildConfiguration;
			baseConfigurationReference = CF49967C4A19DB9A2CCEBBD6 /* Pods-MessageManager.debug.xcconfig */;
			buildSettings = {
				ASSETCATALOG_COMPILER_APPICON_NAME = AppIcon;
				CODE_SIGN_ENTITLEMENTS = MessageManager/MessageManager.entitlements;
				CODE_SIGN_STYLE = Automatic;
				COMBINE_HIDPI_IMAGES = YES;
				DEVELOPMENT_TEAM = Q35T78D2D5;
				ENABLE_HARDENED_RUNTIME = YES;
				INFOPLIST_FILE = MessageManager/Info.plist;
				LD_RUNPATH_SEARCH_PATHS = (
					"$(inherited)",
					"@executable_path/../Frameworks",
				);
				PRODUCT_BUNDLE_IDENTIFIER = com.dandanplay.MessageManager;
				PRODUCT_NAME = "$(TARGET_NAME)";
			};
			name = Debug;
		};
		896D318E2300523700634093 /* Release */ = {
			isa = XCBuildConfiguration;
			baseConfigurationReference = BE1F0BE1C56CF0826C3736D5 /* Pods-MessageManager.release.xcconfig */;
			buildSettings = {
				ASSETCATALOG_COMPILER_APPICON_NAME = AppIcon;
				CODE_SIGN_ENTITLEMENTS = MessageManager/MessageManager.entitlements;
				CODE_SIGN_STYLE = Automatic;
				COMBINE_HIDPI_IMAGES = YES;
				DEVELOPMENT_TEAM = Q35T78D2D5;
				ENABLE_HARDENED_RUNTIME = YES;
				INFOPLIST_FILE = MessageManager/Info.plist;
				LD_RUNPATH_SEARCH_PATHS = (
					"$(inherited)",
					"@executable_path/../Frameworks",
				);
				PRODUCT_BUNDLE_IDENTIFIER = com.dandanplay.MessageManager;
				PRODUCT_NAME = "$(TARGET_NAME)";
			};
			name = Release;
		};
/* End XCBuildConfiguration section */

/* Begin XCConfigurationList section */
		896D31732300523600634093 /* Build configuration list for PBXProject "MessageManager" */ = {
			isa = XCConfigurationList;
			buildConfigurations = (
				896D318A2300523700634093 /* Debug */,
				896D318B2300523700634093 /* Release */,
			);
			defaultConfigurationIsVisible = 0;
			defaultConfigurationName = Release;
		};
		896D318C2300523700634093 /* Build configuration list for PBXNativeTarget "MessageManager" */ = {
			isa = XCConfigurationList;
			buildConfigurations = (
				896D318D2300523700634093 /* Debug */,
				896D318E2300523700634093 /* Release */,
			);
			defaultConfigurationIsVisible = 0;
			defaultConfigurationName = Release;
		};
/* End XCConfigurationList section */
	};
	rootObject = 896D31702300523600634093 /* Project object */;
}
