PODS:
  - AFNetworking (4.0.1):
    - AFNetworking/NSURLSession (= 4.0.1)
    - AFNetworking/Reachability (= 4.0.1)
    - AFNetworking/Security (= 4.0.1)
    - AFNetworking/Serialization (= 4.0.1)
    - AFNetworking/UIKit (= 4.0.1)
  - AFNetworking/NSURLSession (4.0.1):
    - AFNetworking/Reachability
    - AFNetworking/Security
    - AFNetworking/Serialization
  - AFNetworking/Reachability (4.0.1)
  - AFNetworking/Security (4.0.1)
  - AFNetworking/Serialization (4.0.1)
  - AFNetworking/UIKit (4.0.1):
    - AFNetworking/NSURLSession
  - BlocksKit (2.2.5):
    - BlocksKit/All (= 2.2.5)
  - BlocksKit/All (2.2.5):
    - BlocksKit/Core
    - BlocksKit/DynamicDelegate
    - BlocksKit/MessageUI
    - BlocksKit/UIKit
  - BlocksKit/Core (2.2.5)
  - BlocksKit/DynamicDelegate (2.2.5)
  - BlocksKit/MessageUI (2.2.5):
    - BlocksKit/Core
    - BlocksKit/DynamicDelegate
  - BlocksKit/UIKit (2.2.5):
    - BlocksKit/Core
    - BlocksKit/DynamicDelegate
  - Bugly (2.5.71)
  - CocoaAsyncSocket (7.6.4)
  - CocoaHTTPServer (2.3):
    - CocoaAsyncSocket
    - CocoaLumberjack
  - CocoaLumberjack (3.7.0):
    - CocoaLumberjack/Core (= 3.7.0)
  - CocoaLumberjack/Core (3.7.0)
  - DDPEncrypt (1.0)
  - DDPShare (0.1.0):
    - YYModel
  - DZNEmptyDataSet (1.8.1)
  - iCarousel (1.8.3)
  - IQKeyboardManager (6.5.6)
  - JHDanmakuRender (3.0.1)
  - Masonry (1.1.0)
  - MBProgressHUD (1.2.0)
  - MGSwipeTableCell (1.6.11)
  - MJRefresh (3.5.0)
  - MobileVLCKit (3.3.10)
  - NKOColorPickerView (0.5)
  - Ono (2.1.2)
  - RATreeView (2.1.2)
  - SQLiteRepairKit (1.2.2):
    - WCDBOptimizedSQLCipher (~> 1.2.0)
  - SSZipArchive (2.2.3)
  - TOSMBClient (1.0.8)
  - "UITableView+FDTemplateLayoutCell (1.6)"
  - UMCCommon (7.2.2)
  - UMCSecurityPlugins (1.0.6)
  - UMCShare/Core (6.10.1):
    - UMCCommon
  - UMCShare/Social/ReducedQQ (6.10.1):
    - UMCCommon
    - UMCShare/Core
  - UMCShare/Social/ReducedSina (6.10.1):
    - UMCCommon
    - UMCShare/Core
  - UMCShare/Social/ReducedWeChat (6.10.1):
    - UMCCommon
    - UMCShare/Core
  - WCDB (1.0.7.5):
    - SQLiteRepairKit (~> 1.2.0)
    - WCDBOptimizedSQLCipher (~> 1.2.0)
  - WCDBOptimizedSQLCipher (1.2.1)
  - WMPageController (2.5.2)
  - YYCategories (1.0.4):
    - YYCategories/no-arc (= 1.0.4)
  - YYCategories/no-arc (1.0.4)
  - YYKeyboardManager (1.0.1)
  - YYModel (1.0.4)
  - YYUtility (1.1.0)
  - YYWebImage (1.0.5)

DEPENDENCIES:
  - AFNetworking
  - BlocksKit
  - Bugly
  - CocoaHTTPServer
  - CocoaLumberjack
  - DDPEncrypt (from `LocalPods/Encrypt`)
  - DDPShare (from `LocalPods/DDPShare`)
  - DZNEmptyDataSet
  - iCarousel
  - IQKeyboardManager
  - JHDanmakuRender
  - Masonry
  - MBProgressHUD
  - MGSwipeTableCell
  - MJRefresh
  - MobileVLCKit
  - NKOColorPickerView
  - Ono
  - RATreeView
  - SSZipArchive
  - TOSMBClient (~> 1.0.5)
  - "UITableView+FDTemplateLayoutCell"
  - UMCCommon
  - UMCSecurityPlugins
  - UMCShare/Social/ReducedQQ
  - UMCShare/Social/ReducedSina
  - UMCShare/Social/ReducedWeChat
  - WCDB
  - WMPageController
  - YYCategories
  - YYKeyboardManager
  - YYModel
  - YYUtility (from `LocalPods/YYUtility`)
  - YYWebImage (from `https://github.com/sunsx9316/YYWebImage_UIKitForMac.git`)

SPEC REPOS:
  trunk:
    - AFNetworking
    - BlocksKit
    - Bugly
    - CocoaAsyncSocket
    - CocoaHTTPServer
    - CocoaLumberjack
    - DZNEmptyDataSet
    - iCarousel
    - IQKeyboardManager
    - JHDanmakuRender
    - Masonry
    - MBProgressHUD
    - MGSwipeTableCell
    - MJRefresh
    - MobileVLCKit
    - NKOColorPickerView
    - Ono
    - RATreeView
    - SQLiteRepairKit
    - SSZipArchive
    - TOSMBClient
    - "UITableView+FDTemplateLayoutCell"
    - UMCCommon
    - UMCSecurityPlugins
    - UMCShare
    - WCDB
    - WCDBOptimizedSQLCipher
    - WMPageController
    - YYCategories
    - YYKeyboardManager
    - YYModel

EXTERNAL SOURCES:
  DDPEncrypt:
    :path: LocalPods/Encrypt
  DDPShare:
    :path: LocalPods/DDPShare
  YYUtility:
    :path: LocalPods/YYUtility
  YYWebImage:
    :git: https://github.com/sunsx9316/YYWebImage_UIKitForMac.git

CHECKOUT OPTIONS:
  YYWebImage:
    :commit: 45b1d89ac67c99ecfd9c637c32f16bae8b7e14dd
    :git: https://github.com/sunsx9316/YYWebImage_UIKitForMac.git

SPEC CHECKSUMS:
  AFNetworking: 7864c38297c79aaca1500c33288e429c3451fdce
  BlocksKit: 7f422b971407001178d181a43b99014ea2591fe6
  Bugly: fd066c75c4a0eca1440f9b6a84bd37d51bfc85ac
  CocoaAsyncSocket: 694058e7c0ed05a9e217d1b3c7ded962f4180845
  CocoaHTTPServer: 5624681fc3473d43b18202f635f9b3abb013b530
  CocoaLumberjack: e8955b9d337ac307103b0a34fd141c32f27e53c5
  DDPEncrypt: 0f1e60e535b058549f15b18555e334e25f81648e
  DDPShare: b3ac506ba0e59f8fc5a35e784958b361c9e23f52
  DZNEmptyDataSet: 9525833b9e68ac21c30253e1d3d7076cc828eaa7
  iCarousel: d782f635afac190c49bb8ee455882284cff8b85f
  IQKeyboardManager: 2a6e97afdafc7becf0cb17a9a8d795e3a980717f
  JHDanmakuRender: 4e0ba374739cce7862ee067736e58ce69b49fff8
  Masonry: 678fab65091a9290e40e2832a55e7ab731aad201
  MBProgressHUD: 3ee5efcc380f6a79a7cc9b363dd669c5e1ae7406
  MGSwipeTableCell: b804e4e450dee439c42250be90bd50458bf67fce
  MJRefresh: 6afc955813966afb08305477dd7a0d9ad5e79a16
  MobileVLCKit: 34a4d22c48ea48a36c2a6fdf290d4ea094869ac0
  NKOColorPickerView: 895ca86fe5bd16f27c311ce8f5888907efee29ad
  Ono: 26a7c1fc4df13ece7747560a1d80655807a8a000
  RATreeView: 380cde0090cfde21dc6ac29137f49d3b768fdd28
  SQLiteRepairKit: 35aaae5a8838adb85f5b1eb4d796055be6060a4b
  SSZipArchive: 62d4947b08730e4cda640473b0066d209ff033c9
  TOSMBClient: 8884ede03ae70e6087962433fda22fb6b4b8c7f8
  "UITableView+FDTemplateLayoutCell": 5c949b4a5059c404b442926c0e80f81d10a2d66f
  UMCCommon: 15e5311b00c7ff6e6ffb1f5c965651373b6b2b3c
  UMCSecurityPlugins: 0831a08f3988f3cea9f1d3a7626cd9bee4fef150
  UMCShare: 0846449c689e8bf6793a941b97f51f9afff927ef
  WCDB: 8e90babdeb7784c569353a4bd22a66c0a175a882
  WCDBOptimizedSQLCipher: baf44493b0c7a3d49e97bc5b64a3856f6428ddd1
  WMPageController: 0c7624d2b48e4f1ab92371688cf6744ed701575d
  YYCategories: 6bcd4314c6661a561410dce4a793379ebd306abd
  YYKeyboardManager: ff53d2e80d1808567a7f004028bd200d9469a89f
  YYModel: 2a7fdd96aaa4b86a824e26d0c517de8928c04b30
  YYUtility: 1d8f92d46c386eeaf7ba08b5e4636f02c1ed6e33
  YYWebImage: 0dd00e631dd0ea984a7ecb07d4c42af0ab34803b

PODFILE CHECKSUM: 7f0e1e182e934a338afe558542c5bfccf80bc66e

COCOAPODS: 1.10.0
